# THIS IS AN AUTOGENERATED FILE. DO NOT EDIT THIS FILE DIRECTLY.
# yarn lockfile v1


daggy@^1.5.0:
  version "1.5.0"
  resolved "https://registry.yarnpkg.com/daggy/-/daggy-1.5.0.tgz#82d9818a614e018a7ebb68f53a10970493293ee8"
  integrity sha512-BQMsnneUmsqvPth/o+Cv9JPhQwjR0aqzDckMxH0tAdupsdFkePKVFFvhoB7HDtMnOJDxA/U4994MV/bNSJ28gw==
  dependencies:
    sanctuary-show "2.0.0"
    sanctuary-type-identifiers "1.0.0"

fantasy-land@^5.0.0:
  version "5.0.0"
  resolved "https://registry.yarnpkg.com/fantasy-land/-/fantasy-land-5.0.0.tgz#3e20d8b111b9c41fef08721c19e69ac66a8a99c5"
  integrity sha512-4LlU+1GjZxgs+NCV72RO+VPKETud0WOGuBuZaVoennE0F4eyGJDaaUHXhzwiXU9A7qBCnE2o9ONG5tlCfTw6+A==

sanctuary-show@2.0.0:
  version "2.0.0"
  resolved "https://registry.yarnpkg.com/sanctuary-show/-/sanctuary-show-2.0.0.tgz#2326b4744f4b0f993f18ca56a29f68a50f514637"
  integrity sha512-REj4ZiioUXnDLj6EpJ9HcYDIEGaEexmB9Fg5o6InZR9f0x5PfnnC21QeU9SZ9E7G8zXSZPNjy8VRUK4safbesw==

sanctuary-type-identifiers@1.0.0:
  version "1.0.0"
  resolved "https://registry.yarnpkg.com/sanctuary-type-identifiers/-/sanctuary-type-identifiers-1.0.0.tgz#e8f359f006cb5e624cfb8464603fc114608bde9f"
  integrity sha1-6PNZ8AbLXmJM+4RkYD/BFGCL3p8=
