
Microsoft Visual Studio Solution File, Format Version 12.00
# Visual Studio Version 16
VisualStudioVersion = 16.0.30907.101
MinimumVisualStudioVersion = 10.0.40219.1
Project("{F2A71F9B-5D33-465A-A702-920D77279786}") = "NBB.Invoices.FSharp", "NBB.Invoices.FSharp\NBB.Invoices.FSharp.fsproj", "{F564719F-CB2C-4EF7-AF97-8277CB73D24A}"
EndProject
Project("{F2A71F9B-5D33-465A-A702-920D77279786}") = "NBB.Invoices.FSharp.Worker", "NBB.Invoices.FSharp.Worker\NBB.Invoices.FSharp.Worker.fsproj", "{39D1B223-499D-444A-B8AB-11157E0E69CE}"
EndProject
Global
	GlobalSection(SolutionConfigurationPlatforms) = preSolution
		Debug|Any CPU = Debug|Any CPU
		Release|Any CPU = Release|Any CPU
	EndGlobalSection
	GlobalSection(ProjectConfigurationPlatforms) = postSolution
		{F564719F-CB2C-4EF7-AF97-8277CB73D24A}.Debug|Any CPU.ActiveCfg = Debug|Any CPU
		{F564719F-CB2C-4EF7-AF97-8277CB73D24A}.Debug|Any CPU.Build.0 = Debug|Any CPU
		{F564719F-CB2C-4EF7-AF97-8277CB73D24A}.Release|Any CPU.ActiveCfg = Release|Any CPU
		{F564719F-CB2C-4EF7-AF97-8277CB73D24A}.Release|Any CPU.Build.0 = Release|Any CPU
		{39D1B223-499D-444A-B8AB-11157E0E69CE}.Debug|Any CPU.ActiveCfg = Debug|Any CPU
		{39D1B223-499D-444A-B8AB-11157E0E69CE}.Debug|Any CPU.Build.0 = Debug|Any CPU
		{39D1B223-499D-444A-B8AB-11157E0E69CE}.Release|Any CPU.ActiveCfg = Release|Any CPU
		{39D1B223-499D-444A-B8AB-11157E0E69CE}.Release|Any CPU.Build.0 = Release|Any CPU
	EndGlobalSection
	GlobalSection(SolutionProperties) = preSolution
		HideSolutionNode = FALSE
	EndGlobalSection
	GlobalSection(ExtensibilityGlobals) = postSolution
		SolutionGuid = {60F94495-B0E5-40C6-85FF-81034F325865}
	EndGlobalSection
EndGlobal
